
Microsoft Visual Studio Solution File, Format Version 12.00
# Visual Studio Version 17
VisualStudioVersion = 17.6.33723.286
MinimumVisualStudioVersion = 10.0.40219.1
Project("{FAE04EC0-301F-11D3-BF4B-00C04F79EFBC}") = "fukuv0615", "fukuv0615\fukuv0615.csproj", "{7194F615-437A-4246-A93B-63A23656EB47}"
EndProject
Global
	GlobalSection(SolutionConfigurationPlatforms) = preSolution
		Debug|Any CPU = Debug|Any CPU
		Release|Any CPU = Release|Any CPU
	EndGlobalSection
	GlobalSection(ProjectConfigurationPlatforms) = postSolution
		{7194F615-437A-4246-A93B-63A23656EB47}.Debug|Any CPU.ActiveCfg = Debug|Any CPU
		{7194F615-437A-4246-A93B-63A23656EB47}.Debug|Any CPU.Build.0 = Debug|Any CPU
		{7194F615-437A-4246-A93B-63A23656EB47}.Release|Any CPU.ActiveCfg = Release|Any CPU
		{7194F615-437A-4246-A93B-63A23656EB47}.Release|Any CPU.Build.0 = Release|Any CPU
	EndGlobalSection
	GlobalSection(SolutionProperties) = preSolution
		HideSolutionNode = FALSE
	EndGlobalSection
	GlobalSection(ExtensibilityGlobals) = postSolution
		SolutionGuid = {F5557582-FA6B-44AD-ADE0-EE07F1CE61C3}
	EndGlobalSection
EndGlobal
